
Microsoft Visual Studio Solution File, Format Version 12.00
# Visual Studio Version 17
VisualStudioVersion = 17.13.35806.99 d17.13
MinimumVisualStudioVersion = 10.0.40219.1
Project("{FAE04EC0-301F-11D3-BF4B-00C04F79EFBC}") = "Hospital.Business", "Hospital.Business\Hospital.Business.csproj", "{DFC03FF9-2168-4B4B-A426-3043FADB9D4F}"
EndProject
Project("{FAE04EC0-301F-11D3-BF4B-00C04F79EFBC}") = "Hospital.Data", "Hospital.Data\Hospital.Data.csproj", "{6909B9E6-22CC-4CC9-A0C7-44CC0555A053}"
EndProject
Project("{FAE04EC0-301F-11D3-BF4B-00C04F79EFBC}") = "Hospital.Services", "Hospital.Services\Hospital.Services.csproj", "{65037DB3-8E39-4DAA-AD29-7F16B78D19D5}"
EndProject
Project("{FAE04EC0-301F-11D3-BF4B-00C04F79EFBC}") = "Hospital.WPF", "Hospital.WPF\Hospital.WPF.csproj", "{7E03ECDB-27DA-483F-95D3-BF8C68B9884C}"
EndProject
Global
	GlobalSection(SolutionConfigurationPlatforms) = preSolution
		Debug|Any CPU = Debug|Any CPU
		Release|Any CPU = Release|Any CPU
	EndGlobalSection
	GlobalSection(ProjectConfigurationPlatforms) = postSolution
		{DFC03FF9-2168-4B4B-A426-3043FADB9D4F}.Debug|Any CPU.ActiveCfg = Debug|Any CPU
		{DFC03FF9-2168-4B4B-A426-3043FADB9D4F}.Debug|Any CPU.Build.0 = Debug|Any CPU
		{DFC03FF9-2168-4B4B-A426-3043FADB9D4F}.Release|Any CPU.ActiveCfg = Release|Any CPU
		{DFC03FF9-2168-4B4B-A426-3043FADB9D4F}.Release|Any CPU.Build.0 = Release|Any CPU
		{6909B9E6-22CC-4CC9-A0C7-44CC0555A053}.Debug|Any CPU.ActiveCfg = Debug|Any CPU
		{6909B9E6-22CC-4CC9-A0C7-44CC0555A053}.Debug|Any CPU.Build.0 = Debug|Any CPU
		{6909B9E6-22CC-4CC9-A0C7-44CC0555A053}.Release|Any CPU.ActiveCfg = Release|Any CPU
		{6909B9E6-22CC-4CC9-A0C7-44CC0555A053}.Release|Any CPU.Build.0 = Release|Any CPU
		{65037DB3-8E39-4DAA-AD29-7F16B78D19D5}.Debug|Any CPU.ActiveCfg = Debug|Any CPU
		{65037DB3-8E39-4DAA-AD29-7F16B78D19D5}.Debug|Any CPU.Build.0 = Debug|Any CPU
		{65037DB3-8E39-4DAA-AD29-7F16B78D19D5}.Release|Any CPU.ActiveCfg = Release|Any CPU
		{65037DB3-8E39-4DAA-AD29-7F16B78D19D5}.Release|Any CPU.Build.0 = Release|Any CPU
		{7E03ECDB-27DA-483F-95D3-BF8C68B9884C}.Debug|Any CPU.ActiveCfg = Debug|Any CPU
		{7E03ECDB-27DA-483F-95D3-BF8C68B9884C}.Debug|Any CPU.Build.0 = Debug|Any CPU
		{7E03ECDB-27DA-483F-95D3-BF8C68B9884C}.Release|Any CPU.ActiveCfg = Release|Any CPU
		{7E03ECDB-27DA-483F-95D3-BF8C68B9884C}.Release|Any CPU.Build.0 = Release|Any CPU
	EndGlobalSection
	GlobalSection(SolutionProperties) = preSolution
		HideSolutionNode = FALSE
	EndGlobalSection
	GlobalSection(ExtensibilityGlobals) = postSolution
		SolutionGuid = {E1ED97AF-1C85-4318-8038-424AAF0906AB}
	EndGlobalSection
EndGlobal
